
Microsoft Visual Studio Solution File, Format Version 12.00
# Visual Studio Version 17
VisualStudioVersion = 17.9.34728.123
MinimumVisualStudioVersion = 10.0.40219.1
Project("{FAE04EC0-301F-11D3-BF4B-00C04F79EFBC}") = "AK_lab4", "AK_lab4\AK_lab4.csproj", "{84CC2B7E-9828-484F-B652-119B6FA6CCF0}"
EndProject
Global
	GlobalSection(SolutionConfigurationPlatforms) = preSolution
		Debug|Any CPU = Debug|Any CPU
		Release|Any CPU = Release|Any CPU
	EndGlobalSection
	GlobalSection(ProjectConfigurationPlatforms) = postSolution
		{84CC2B7E-9828-484F-B652-119B6FA6CCF0}.Debug|Any CPU.ActiveCfg = Debug|Any CPU
		{84CC2B7E-9828-484F-B652-119B6FA6CCF0}.Debug|Any CPU.Build.0 = Debug|Any CPU
		{84CC2B7E-9828-484F-B652-119B6FA6CCF0}.Release|Any CPU.ActiveCfg = Release|Any CPU
		{84CC2B7E-9828-484F-B652-119B6FA6CCF0}.Release|Any CPU.Build.0 = Release|Any CPU
	EndGlobalSection
	GlobalSection(SolutionProperties) = preSolution
		HideSolutionNode = FALSE
	EndGlobalSection
	GlobalSection(ExtensibilityGlobals) = postSolution
		SolutionGuid = {806A3437-912A-41C6-ACDE-8E94093CA4BD}
	EndGlobalSection
EndGlobal
